// !$*UTF8*$!
{
	archiveVersion = 1;
	classes = {
	};
	objectVersion = 56;
	objects = {

/* Begin PBXBuildFile section */
		A90949ED2C86336500A68706 /* Color+Previews.swift in Sources */ = {isa = PBXBuildFile; fileRef = A90949EC2C86336500A68706 /* Color+Previews.swift */; };
		A90949EF2C866EFE00A68706 /* Image+Circular.swift in Sources */ = {isa = PBXBuildFile; fileRef = A90949EE2C866EFE00A68706 /* Image+Circular.swift */; };
		A90949F12C86702E00A68706 /* View+Style.swift in Sources */ = {isa = PBXBuildFile; fileRef = A90949F02C86702E00A68706 /* View+Style.swift */; };
		A90949F32C8791F500A68706 /* EditProfileView.swift in Sources */ = {isa = PBXBuildFile; fileRef = A90949F22C8791F500A68706 /* EditProfileView.swift */; };
		A90949F52C87929300A68706 /* View+Visible.swift in Sources */ = {isa = PBXBuildFile; fileRef = A90949F42C87929300A68706 /* View+Visible.swift */; };
		A90949F72C87959800A68706 /* Avatar.jpg in Resources */ = {isa = PBXBuildFile; fileRef = A90949F62C87959800A68706 /* Avatar.jpg */; };
		A90949F92C8800CF00A68706 /* TopQuestionsView.swift in Sources */ = {isa = PBXBuildFile; fileRef = A90949F82C8800CF00A68706 /* TopQuestionsView.swift */; };
		A90949FB2C88022400A68706 /* Text+Formatted.swift in Sources */ = {isa = PBXBuildFile; fileRef = A90949FA2C88022400A68706 /* Text+Formatted.swift */; };
		A90949FD2C88122D00A68706 /* Theme.swift in Sources */ = {isa = PBXBuildFile; fileRef = A90949FC2C88122D00A68706 /* Theme.swift */; };
		A90949FF2C8812DC00A68706 /* SettingsView.swift in Sources */ = {isa = PBXBuildFile; fileRef = A90949FE2C8812DC00A68706 /* SettingsView.swift */; };
		A942F0272C7EB88D00BF1E52 /* LifehacksApp.swift in Sources */ = {isa = PBXBuildFile; fileRef = A942F0262C7EB88D00BF1E52 /* LifehacksApp.swift */; };
		A942F0292C7EB88D00BF1E52 /* ContentView.swift in Sources */ = {isa = PBXBuildFile; fileRef = A942F0282C7EB88D00BF1E52 /* ContentView.swift */; };
		A942F02B2C7EB88E00BF1E52 /* Assets.xcassets in Resources */ = {isa = PBXBuildFile; fileRef = A942F02A2C7EB88E00BF1E52 /* Assets.xcassets */; };
		A942F02E2C7EB88E00BF1E52 /* Preview Assets.xcassets in Resources */ = {isa = PBXBuildFile; fileRef = A942F02D2C7EB88E00BF1E52 /* Preview Assets.xcassets */; };
		A942F0352C7EB97B00BF1E52 /* User.swift in Sources */ = {isa = PBXBuildFile; fileRef = A942F0342C7EB97B00BF1E52 /* User.swift */; };
		A942F0372C7EB9CC00BF1E52 /* Question.swift in Sources */ = {isa = PBXBuildFile; fileRef = A942F0362C7EB9CC00BF1E52 /* Question.swift */; };
		A942F0392C7EC8D700BF1E52 /* Wrapper.swift in Sources */ = {isa = PBXBuildFile; fileRef = A942F0382C7EC8D700BF1E52 /* Wrapper.swift */; };
		A942F03B2C7F84E300BF1E52 /* QuestionView.swift in Sources */ = {isa = PBXBuildFile; fileRef = A942F03A2C7F84E300BF1E52 /* QuestionView.swift */; };
		A942F03D2C7F961400BF1E52 /* PreviewData.swift in Sources */ = {isa = PBXBuildFile; fileRef = A942F03C2C7F961400BF1E52 /* PreviewData.swift */; };
		A942F03F2C7F983300BF1E52 /* Questions.json in Resources */ = {isa = PBXBuildFile; fileRef = A942F03E2C7F983300BF1E52 /* Questions.json */; };
/* End PBXBuildFile section */

/* Begin PBXFileReference section */
		A90949EC2C86336500A68706 /* Color+Previews.swift */ = {isa = PBXFileReference; lastKnownFileType = sourcecode.swift; path = "Color+Previews.swift"; sourceTree = "<group>"; };
		A90949EE2C866EFE00A68706 /* Image+Circular.swift */ = {isa = PBXFileReference; lastKnownFileType = sourcecode.swift; path = "Image+Circular.swift"; sourceTree = "<group>"; };
		A90949F02C86702E00A68706 /* View+Style.swift */ = {isa = PBXFileReference; lastKnownFileType = sourcecode.swift; path = "View+Style.swift"; sourceTree = "<group>"; };
		A90949F22C8791F500A68706 /* EditProfileView.swift */ = {isa = PBXFileReference; lastKnownFileType = sourcecode.swift; path = EditProfileView.swift; sourceTree = "<group>"; };
		A90949F42C87929300A68706 /* View+Visible.swift */ = {isa = PBXFileReference; lastKnownFileType = sourcecode.swift; path = "View+Visible.swift"; sourceTree = "<group>"; };
		A90949F62C87959800A68706 /* Avatar.jpg */ = {isa = PBXFileReference; lastKnownFileType = image.jpeg; path = Avatar.jpg; sourceTree = "<group>"; };
		A90949F82C8800CF00A68706 /* TopQuestionsView.swift */ = {isa = PBXFileReference; lastKnownFileType = sourcecode.swift; path = TopQuestionsView.swift; sourceTree = "<group>"; };
		A90949FA2C88022400A68706 /* Text+Formatted.swift */ = {isa = PBXFileReference; lastKnownFileType = sourcecode.swift; path = "Text+Formatted.swift"; sourceTree = "<group>"; };
		A90949FC2C88122D00A68706 /* Theme.swift */ = {isa = PBXFileReference; lastKnownFileType = sourcecode.swift; path = Theme.swift; sourceTree = "<group>"; };
		A90949FE2C8812DC00A68706 /* SettingsView.swift */ = {isa = PBXFileReference; lastKnownFileType = sourcecode.swift; path = SettingsView.swift; sourceTree = "<group>"; };
		A942F0232C7EB88D00BF1E52 /* Lifehacks.app */ = {isa = PBXFileReference; explicitFileType = wrapper.application; includeInIndex = 0; path = Lifehacks.app; sourceTree = BUILT_PRODUCTS_DIR; };
		A942F0262C7EB88D00BF1E52 /* LifehacksApp.swift */ = {isa = PBXFileReference; lastKnownFileType = sourcecode.swift; path = LifehacksApp.swift; sourceTree = "<group>"; };
		A942F0282C7EB88D00BF1E52 /* ContentView.swift */ = {isa = PBXFileReference; lastKnownFileType = sourcecode.swift; path = ContentView.swift; sourceTree = "<group>"; };
		A942F02A2C7EB88E00BF1E52 /* Assets.xcassets */ = {isa = PBXFileReference; lastKnownFileType = folder.assetcatalog; path = Assets.xcassets; sourceTree = "<group>"; };
		A942F02D2C7EB88E00BF1E52 /* Preview Assets.xcassets */ = {isa = PBXFileReference; lastKnownFileType = folder.assetcatalog; path = "Preview Assets.xcassets"; sourceTree = "<group>"; };
		A942F0342C7EB97B00BF1E52 /* User.swift */ = {isa = PBXFileReference; lastKnownFileType = sourcecode.swift; path = User.swift; sourceTree = "<group>"; };
		A942F0362C7EB9CC00BF1E52 /* Question.swift */ = {isa = PBXFileReference; lastKnownFileType = sourcecode.swift; path = Question.swift; sourceTree = "<group>"; };
		A942F0382C7EC8D700BF1E52 /* Wrapper.swift */ = {isa = PBXFileReference; lastKnownFileType = sourcecode.swift; path = Wrapper.swift; sourceTree = "<group>"; };
		A942F03A2C7F84E300BF1E52 /* QuestionView.swift */ = {isa = PBXFileReference; lastKnownFileType = sourcecode.swift; path = QuestionView.swift; sourceTree = "<group>"; };
		A942F03C2C7F961400BF1E52 /* PreviewData.swift */ = {isa = PBXFileReference; lastKnownFileType = sourcecode.swift; path = PreviewData.swift; sourceTree = "<group>"; };
		A942F03E2C7F983300BF1E52 /* Questions.json */ = {isa = PBXFileReference; lastKnownFileType = text.json; path = Questions.json; sourceTree = "<group>"; };
/* End PBXFileReference section */

/* Begin PBXFrameworksBuildPhase section */
		A942F0202C7EB88D00BF1E52 /* Frameworks */ = {
			isa = PBXFrameworksBuildPhase;
			buildActionMask = 2147483647;
			files = (
			);
			runOnlyForDeploymentPostprocessing = 0;
		};
/* End PBXFrameworksBuildPhase section */

/* Begin PBXGroup section */
		A942F01A2C7EB88D00BF1E52 = {
			isa = PBXGroup;
			children = (
				A942F0252C7EB88D00BF1E52 /* Lifehacks */,
				A942F0242C7EB88D00BF1E52 /* Products */,
			);
			sourceTree = "<group>";
		};
		A942F0242C7EB88D00BF1E52 /* Products */ = {
			isa = PBXGroup;
			children = (
				A942F0232C7EB88D00BF1E52 /* Lifehacks.app */,
			);
			name = Products;
			sourceTree = "<group>";
		};
		A942F0252C7EB88D00BF1E52 /* Lifehacks */ = {
			isa = PBXGroup;
			children = (
				A942F0282C7EB88D00BF1E52 /* ContentView.swift */,
				A90949F22C8791F500A68706 /* EditProfileView.swift */,
				A90949EE2C866EFE00A68706 /* Image+Circular.swift */,
				A942F0262C7EB88D00BF1E52 /* LifehacksApp.swift */,
				A942F0362C7EB9CC00BF1E52 /* Question.swift */,
				A942F03A2C7F84E300BF1E52 /* QuestionView.swift */,
				A90949FE2C8812DC00A68706 /* SettingsView.swift */,
				A90949FA2C88022400A68706 /* Text+Formatted.swift */,
				A90949FC2C88122D00A68706 /* Theme.swift */,
				A90949F82C8800CF00A68706 /* TopQuestionsView.swift */,
				A942F0342C7EB97B00BF1E52 /* User.swift */,
				A90949F02C86702E00A68706 /* View+Style.swift */,
				A90949F42C87929300A68706 /* View+Visible.swift */,
				A942F0382C7EC8D700BF1E52 /* Wrapper.swift */,
				A942F02A2C7EB88E00BF1E52 /* Assets.xcassets */,
				A942F02C2C7EB88E00BF1E52 /* Preview Content */,
			);
			path = Lifehacks;
			sourceTree = "<group>";
		};
		A942F02C2C7EB88E00BF1E52 /* Preview Content */ = {
			isa = PBXGroup;
			children = (
				A90949F62C87959800A68706 /* Avatar.jpg */,
				A942F03E2C7F983300BF1E52 /* Questions.json */,
				A90949EC2C86336500A68706 /* Color+Previews.swift */,
				A942F03C2C7F961400BF1E52 /* PreviewData.swift */,
				A942F02D2C7EB88E00BF1E52 /* Preview Assets.xcassets */,
			);
			path = "Preview Content";
			sourceTree = "<group>";
		};
/* End PBXGroup section */

/* Begin PBXNativeTarget section */
		A942F0222C7EB88D00BF1E52 /* Lifehacks */ = {
			isa = PBXNativeTarget;
			buildConfigurationList = A942F0312C7EB88E00BF1E52 /* Build configuration list for PBXNativeTarget "Lifehacks" */;
			buildPhases = (
				A942F01F2C7EB88D00BF1E52 /* Sources */,
				A942F0202C7EB88D00BF1E52 /* Frameworks */,
				A942F0212C7EB88D00BF1E52 /* Resources */,
			);
			buildRules = (
			);
			dependencies = (
			);
			name = Lifehacks;
			productName = Lifehacks;
			productReference = A942F0232C7EB88D00BF1E52 /* Lifehacks.app */;
			productType = "com.apple.product-type.application";
		};
/* End PBXNativeTarget section */

/* Begin PBXProject section */
		A942F01B2C7EB88D00BF1E52 /* Project object */ = {
			isa = PBXProject;
			attributes = {
				BuildIndependentTargetsInParallel = 1;
				LastSwiftUpdateCheck = 1540;
				LastUpgradeCheck = 1540;
				TargetAttributes = {
					A942F0222C7EB88D00BF1E52 = {
						CreatedOnToolsVersion = 15.4;
					};
				};
			};
			buildConfigurationList = A942F01E2C7EB88D00BF1E52 /* Build configuration list for PBXProject "Lifehacks" */;
			compatibilityVersion = "Xcode 14.0";
			developmentRegion = en;
			hasScannedForEncodings = 0;
			knownRegions = (
				en,
				Base,
			);
			mainGroup = A942F01A2C7EB88D00BF1E52;
			productRefGroup = A942F0242C7EB88D00BF1E52 /* Products */;
			projectDirPath = "";
			projectRoot = "";
			targets = (
				A942F0222C7EB88D00BF1E52 /* Lifehacks */,
			);
		};
/* End PBXProject section */

/* Begin PBXResourcesBuildPhase section */
		A942F0212C7EB88D00BF1E52 /* Resources */ = {
			isa = PBXResourcesBuildPhase;
			buildActionMask = 2147483647;
			files = (
				A90949F72C87959800A68706 /* Avatar.jpg in Resources */,
				A942F02E2C7EB88E00BF1E52 /* Preview Assets.xcassets in Resources */,
				A942F03F2C7F983300BF1E52 /* Questions.json in Resources */,
				A942F02B2C7EB88E00BF1E52 /* Assets.xcassets in Resources */,
			);
			runOnlyForDeploymentPostprocessing = 0;
		};
/* End PBXResourcesBuildPhase section */

/* Begin PBXSourcesBuildPhase section */
		A942F01F2C7EB88D00BF1E52 /* Sources */ = {
			isa = PBXSourcesBuildPhase;
			buildActionMask = 2147483647;
			files = (
				A942F0292C7EB88D00BF1E52 /* ContentView.swift in Sources */,
				A90949FB2C88022400A68706 /* Text+Formatted.swift in Sources */,
				A90949F52C87929300A68706 /* View+Visible.swift in Sources */,
				A942F0392C7EC8D700BF1E52 /* Wrapper.swift in Sources */,
				A942F0372C7EB9CC00BF1E52 /* Question.swift in Sources */,
				A90949F32C8791F500A68706 /* EditProfileView.swift in Sources */,
				A942F0272C7EB88D00BF1E52 /* LifehacksApp.swift in Sources */,
				A942F03D2C7F961400BF1E52 /* PreviewData.swift in Sources */,
				A90949F92C8800CF00A68706 /* TopQuestionsView.swift in Sources */,
				A90949FF2C8812DC00A68706 /* SettingsView.swift in Sources */,
				A942F03B2C7F84E300BF1E52 /* QuestionView.swift in Sources */,
				A90949ED2C86336500A68706 /* Color+Previews.swift in Sources */,
				A90949EF2C866EFE00A68706 /* Image+Circular.swift in Sources */,
				A90949FD2C88122D00A68706 /* Theme.swift in Sources */,
				A942F0352C7EB97B00BF1E52 /* User.swift in Sources */,
				A90949F12C86702E00A68706 /* View+Style.swift in Sources */,
			);
			runOnlyForDeploymentPostprocessing = 0;
		};
/* End PBXSourcesBuildPhase section */

/* Begin XCBuildConfiguration section */
		A942F02F2C7EB88E00BF1E52 /* Debug */ = {
			isa = XCBuildConfiguration;
			buildSettings = {
				ALWAYS_SEARCH_USER_PATHS = NO;
				ASSETCATALOG_COMPILER_GENERATE_SWIFT_ASSET_SYMBOL_EXTENSIONS = YES;
				CLANG_ANALYZER_NONNULL = YES;
				CLANG_ANALYZER_NUMBER_OBJECT_CONVERSION = YES_AGGRESSIVE;
				CLANG_CXX_LANGUAGE_STANDARD = "gnu++20";
				CLANG_ENABLE_MODULES = YES;
				CLANG_ENABLE_OBJC_ARC = YES;
				CLANG_ENABLE_OBJC_WEAK = YES;
				CLANG_WARN_BLOCK_CAPTURE_AUTORELEASING = YES;
				CLANG_WARN_BOOL_CONVERSION = YES;
				CLANG_WARN_COMMA = YES;
				CLANG_WARN_CONSTANT_CONVERSION = YES;
				CLANG_WARN_DEPRECATED_OBJC_IMPLEMENTATIONS = YES;
				CLANG_WARN_DIRECT_OBJC_ISA_USAGE = YES_ERROR;
				CLANG_WARN_DOCUMENTATION_COMMENTS = YES;
				CLANG_WARN_EMPTY_BODY = YES;
				CLANG_WARN_ENUM_CONVERSION = YES;
				CLANG_WARN_INFINITE_RECURSION = YES;
				CLANG_WARN_INT_CONVERSION = YES;
				CLANG_WARN_NON_LITERAL_NULL_CONVERSION = YES;
				CLANG_WARN_OBJC_IMPLICIT_RETAIN_SELF = YES;
				CLANG_WARN_OBJC_LITERAL_CONVERSION = YES;
				CLANG_WARN_OBJC_ROOT_CLASS = YES_ERROR;
				CLANG_WARN_QUOTED_INCLUDE_IN_FRAMEWORK_HEADER = YES;
				CLANG_WARN_RANGE_LOOP_ANALYSIS = YES;
				CLANG_WARN_STRICT_PROTOTYPES = YES;
				CLANG_WARN_SUSPICIOUS_MOVE = YES;
				CLANG_WARN_UNGUARDED_AVAILABILITY = YES_AGGRESSIVE;
				CLANG_WARN_UNREACHABLE_CODE = YES;
				CLANG_WARN__DUPLICATE_METHOD_MATCH = YES;
				COPY_PHASE_STRIP = NO;
				DEBUG_INFORMATION_FORMAT = dwarf;
				ENABLE_STRICT_OBJC_MSGSEND = YES;
				ENABLE_TESTABILITY = YES;
				ENABLE_USER_SCRIPT_SANDBOXING = YES;
				GCC_C_LANGUAGE_STANDARD = gnu17;
				GCC_DYNAMIC_NO_PIC = NO;
				GCC_NO_COMMON_BLOCKS = YES;
				GCC_OPTIMIZATION_LEVEL = 0;
				GCC_PREPROCESSOR_DEFINITIONS = (
					"DEBUG=1",
					"$(inherited)",
				);
				GCC_WARN_64_TO_32_BIT_CONVERSION = YES;
				GCC_WARN_ABOUT_RETURN_TYPE = YES_ERROR;
				GCC_WARN_UNDECLARED_SELECTOR = YES;
				GCC_WARN_UNINITIALIZED_AUTOS = YES_AGGRESSIVE;
				GCC_WARN_UNUSED_FUNCTION = YES;
				GCC_WARN_UNUSED_VARIABLE = YES;
				IPHONEOS_DEPLOYMENT_TARGET = 17.5;
				LOCALIZATION_PREFERS_STRING_CATALOGS = YES;
				MTL_ENABLE_DEBUG_INFO = INCLUDE_SOURCE;
				MTL_FAST_MATH = YES;
				ONLY_ACTIVE_ARCH = YES;
				SDKROOT = iphoneos;
				SWIFT_ACTIVE_COMPILATION_CONDITIONS = "DEBUG $(inherited)";
				SWIFT_OPTIMIZATION_LEVEL = "-Onone";
			};
			name = Debug;
		};
		A942F0302C7EB88E00BF1E52 /* Release */ = {
			isa = XCBuildConfiguration;
			buildSettings = {
				ALWAYS_SEARCH_USER_PATHS = NO;
				ASSETCATALOG_COMPILER_GENERATE_SWIFT_ASSET_SYMBOL_EXTENSIONS = YES;
				CLANG_ANALYZER_NONNULL = YES;
				CLANG_ANALYZER_NUMBER_OBJECT_CONVERSION = YES_AGGRESSIVE;
				CLANG_CXX_LANGUAGE_STANDARD = "gnu++20";
				CLANG_ENABLE_MODULES = YES;
				CLANG_ENABLE_OBJC_ARC = YES;
				CLANG_ENABLE_OBJC_WEAK = YES;
				CLANG_WARN_BLOCK_CAPTURE_AUTORELEASING = YES;
				CLANG_WARN_BOOL_CONVERSION = YES;
				CLANG_WARN_COMMA = YES;
				CLANG_WARN_CONSTANT_CONVERSION = YES;
				CLANG_WARN_DEPRECATED_OBJC_IMPLEMENTATIONS = YES;
				CLANG_WARN_DIRECT_OBJC_ISA_USAGE = YES_ERROR;
				CLANG_WARN_DOCUMENTATION_COMMENTS = YES;
				CLANG_WARN_EMPTY_BODY = YES;
				CLANG_WARN_ENUM_CONVERSION = YES;
				CLANG_WARN_INFINITE_RECURSION = YES;
				CLANG_WARN_INT_CONVERSION = YES;
				CLANG_WARN_NON_LITERAL_NULL_CONVERSION = YES;
				CLANG_WARN_OBJC_IMPLICIT_RETAIN_SELF = YES;
				CLANG_WARN_OBJC_LITERAL_CONVERSION = YES;
				CLANG_WARN_OBJC_ROOT_CLASS = YES_ERROR;
				CLANG_WARN_QUOTED_INCLUDE_IN_FRAMEWORK_HEADER = YES;
				CLANG_WARN_RANGE_LOOP_ANALYSIS = YES;
				CLANG_WARN_STRICT_PROTOTYPES = YES;
				CLANG_WARN_SUSPICIOUS_MOVE = YES;
				CLANG_WARN_UNGUARDED_AVAILABILITY = YES_AGGRESSIVE;
				CLANG_WARN_UNREACHABLE_CODE = YES;
				CLANG_WARN__DUPLICATE_METHOD_MATCH = YES;
				COPY_PHASE_STRIP = NO;
				DEBUG_INFORMATION_FORMAT = "dwarf-with-dsym";
				ENABLE_NS_ASSERTIONS = NO;
				ENABLE_STRICT_OBJC_MSGSEND = YES;
				ENABLE_USER_SCRIPT_SANDBOXING = YES;
				GCC_C_LANGUAGE_STANDARD = gnu17;
				GCC_NO_COMMON_BLOCKS = YES;
				GCC_WARN_64_TO_32_BIT_CONVERSION = YES;
				GCC_WARN_ABOUT_RETURN_TYPE = YES_ERROR;
				GCC_WARN_UNDECLARED_SELECTOR = YES;
				GCC_WARN_UNINITIALIZED_AUTOS = YES_AGGRESSIVE;
				GCC_WARN_UNUSED_FUNCTION = YES;
				GCC_WARN_UNUSED_VARIABLE = YES;
				IPHONEOS_DEPLOYMENT_TARGET = 17.5;
				LOCALIZATION_PREFERS_STRING_CATALOGS = YES;
				MTL_ENABLE_DEBUG_INFO = NO;
				MTL_FAST_MATH = YES;
				SDKROOT = iphoneos;
				SWIFT_COMPILATION_MODE = wholemodule;
				VALIDATE_PRODUCT = YES;
			};
			name = Release;
		};
		A942F0322C7EB88E00BF1E52 /* Debug */ = {
			isa = XCBuildConfiguration;
			buildSettings = {
				ASSETCATALOG_COMPILER_APPICON_NAME = AppIcon;
				ASSETCATALOG_COMPILER_GLOBAL_ACCENT_COLOR_NAME = AccentColor;
				CODE_SIGN_STYLE = Automatic;
				CURRENT_PROJECT_VERSION = 1;
				DEVELOPMENT_ASSET_PATHS = "\"Lifehacks/Preview Content\"";
				ENABLE_PREVIEWS = YES;
				GENERATE_INFOPLIST_FILE = YES;
				INFOPLIST_KEY_UIApplicationSceneManifest_Generation = YES;
				INFOPLIST_KEY_UIApplicationSupportsIndirectInputEvents = YES;
				INFOPLIST_KEY_UILaunchScreen_Generation = YES;
				INFOPLIST_KEY_UISupportedInterfaceOrientations_iPad = "UIInterfaceOrientationPortrait UIInterfaceOrientationPortraitUpsideDown UIInterfaceOrientationLandscapeLeft UIInterfaceOrientationLandscapeRight";
				INFOPLIST_KEY_UISupportedInterfaceOrientations_iPhone = "UIInterfaceOrientationPortrait UIInterfaceOrientationLandscapeLeft UIInterfaceOrientationLandscapeRight";
				LD_RUNPATH_SEARCH_PATHS = (
					"$(inherited)",
					"@executable_path/Frameworks",
				);
				MARKETING_VERSION = 1.0;
				PRODUCT_BUNDLE_IDENTIFIER = com.dorado.Lifehacks;
				PRODUCT_NAME = "$(TARGET_NAME)";
				SWIFT_EMIT_LOC_STRINGS = YES;
				SWIFT_VERSION = 5.0;
				TARGETED_DEVICE_FAMILY = "1,2";
			};
			name = Debug;
		};
		A942F0332C7EB88E00BF1E52 /* Release */ = {
			isa = XCBuildConfiguration;
			buildSettings = {
				ASSETCATALOG_COMPILER_APPICON_NAME = AppIcon;
				ASSETCATALOG_COMPILER_GLOBAL_ACCENT_COLOR_NAME = AccentColor;
				CODE_SIGN_STYLE = Automatic;
				CURRENT_PROJECT_VERSION = 1;
				DEVELOPMENT_ASSET_PATHS = "\"Lifehacks/Preview Content\"";
				ENABLE_PREVIEWS = YES;
				GENERATE_INFOPLIST_FILE = YES;
				INFOPLIST_KEY_UIApplicationSceneManifest_Generation = YES;
				INFOPLIST_KEY_UIApplicationSupportsIndirectInputEvents = YES;
				INFOPLIST_KEY_UILaunchScreen_Generation = YES;
				INFOPLIST_KEY_UISupportedInterfaceOrientations_iPad = "UIInterfaceOrientationPortrait UIInterfaceOrientationPortraitUpsideDown UIInterfaceOrientationLandscapeLeft UIInterfaceOrientationLandscapeRight";
				INFOPLIST_KEY_UISupportedInterfaceOrientations_iPhone = "UIInterfaceOrientationPortrait UIInterfaceOrientationLandscapeLeft UIInterfaceOrientationLandscapeRight";
				LD_RUNPATH_SEARCH_PATHS = (
					"$(inherited)",
					"@executable_path/Frameworks",
				);
				MARKETING_VERSION = 1.0;
				PRODUCT_BUNDLE_IDENTIFIER = com.dorado.Lifehacks;
				PRODUCT_NAME = "$(TARGET_NAME)";
				SWIFT_EMIT_LOC_STRINGS = YES;
				SWIFT_VERSION = 5.0;
				TARGETED_DEVICE_FAMILY = "1,2";
			};
			name = Release;
		};
/* End XCBuildConfiguration section */

/* Begin XCConfigurationList section */
		A942F01E2C7EB88D00BF1E52 /* Build configuration list for PBXProject "Lifehacks" */ = {
			isa = XCConfigurationList;
			buildConfigurations = (
				A942F02F2C7EB88E00BF1E52 /* Debug */,
				A942F0302C7EB88E00BF1E52 /* Release */,
			);
			defaultConfigurationIsVisible = 0;
			defaultConfigurationName = Release;
		};
		A942F0312C7EB88E00BF1E52 /* Build configuration list for PBXNativeTarget "Lifehacks" */ = {
			isa = XCConfigurationList;
			buildConfigurations = (
				A942F0322C7EB88E00BF1E52 /* Debug */,
				A942F0332C7EB88E00BF1E52 /* Release */,
			);
			defaultConfigurationIsVisible = 0;
			defaultConfigurationName = Release;
		};
/* End XCConfigurationList section */
	};
	rootObject = A942F01B2C7EB88D00BF1E52 /* Project object */;
}
